
Microsoft Visual Studio Solution File, Format Version 12.00
# Visual Studio Version 17
VisualStudioVersion = 17.0.31919.166
MinimumVisualStudioVersion = 10.0.40219.1
Project("{FAE04EC0-301F-11D3-BF4B-00C04F79EFBC}") = "SudokuBoardGenerator", "SudokuBoardGenerator.csproj", "{9C3FF186-F73A-48D8-B6A1-2C9FC511CDDB}"
EndProject
Global
	GlobalSection(SolutionConfigurationPlatforms) = preSolution
		Debug|Any CPU = Debug|Any CPU
		Release|Any CPU = Release|Any CPU
	EndGlobalSection
	GlobalSection(ProjectConfigurationPlatforms) = postSolution
		{9C3FF186-F73A-48D8-B6A1-2C9FC511CDDB}.Debug|Any CPU.ActiveCfg = Debug|Any CPU
		{9C3FF186-F73A-48D8-B6A1-2C9FC511CDDB}.Debug|Any CPU.Build.0 = Debug|Any CPU
		{9C3FF186-F73A-48D8-B6A1-2C9FC511CDDB}.Release|Any CPU.ActiveCfg = Release|Any CPU
		{9C3FF186-F73A-48D8-B6A1-2C9FC511CDDB}.Release|Any CPU.Build.0 = Release|Any CPU
	EndGlobalSection
	GlobalSection(SolutionProperties) = preSolution
		HideSolutionNode = FALSE
	EndGlobalSection
	GlobalSection(ExtensibilityGlobals) = postSolution
		SolutionGuid = {52451B22-B4F1-4641-BDFD-B5175010B299}
	EndGlobalSection
EndGlobal
